
Microsoft Visual Studio Solution File, Format Version 12.00
# Visual Studio 15
VisualStudioVersion = 15.0.26730.15
MinimumVisualStudioVersion = 10.0.40219.1
Project("{FAE04EC0-301F-11D3-BF4B-00C04F79EFBC}") = "Acabus_Control_Operaciones", "MassiveSsh\Acabus_Control_Operaciones.csproj", "{E196B435-1093-4704-8F4D-FC430842FFCD}"
EndProject
Project("{FAE04EC0-301F-11D3-BF4B-00C04F79EFBC}") = "InnSyTech.Standard", "InnSyTech.Standard\InnSyTech.Standard.csproj", "{F74FEE3D-D536-44DF-9E2C-53540CE78173}"
EndProject
Project("{FAE04EC0-301F-11D3-BF4B-00C04F79EFBC}") = "Opera.Acabus.TrunkMonitor", "Opera.Acabus.TrunkMonitor\Opera.Acabus.TrunkMonitor.csproj", "{2CA72C78-D881-48C2-9CC1-3BB0BB3F3C6C}"
EndProject
Project("{FAE04EC0-301F-11D3-BF4B-00C04F79EFBC}") = "Opera.Acabus.OffDutyVehicles", "Opera.Acabus.OffDutyVehicles\Opera.Acabus.OffDutyVehicles.csproj", "{0DD2DAAF-DA77-48AB-9C5E-32F0F8669D9F}"
EndProject
Project("{FAE04EC0-301F-11D3-BF4B-00C04F79EFBC}") = "Opera.Acabus.Cctv", "Opera.Acabus.CCTV\Opera.Acabus.Cctv.csproj", "{16AA2C9E-3718-47A2-B00B-3EEF5A5A5686}"
EndProject
Project("{FAE04EC0-301F-11D3-BF4B-00C04F79EFBC}") = "Opera.Acabus.Core", "Opera.Acabus.Core\Opera.Acabus.Core.csproj", "{5870B3E0-A665-4014-94D1-4ED21CEB442F}"
EndProject
Project("{FAE04EC0-301F-11D3-BF4B-00C04F79EFBC}") = "ACABUS-Control de operacion", "ACABUS-Control de operacion\ACABUS-Control de operacion.csproj", "{A58C906C-F542-42B9-9169-2D58A2B7C80D}"
EndProject
Project("{FAE04EC0-301F-11D3-BF4B-00C04F79EFBC}") = "Opera.Acabus.Sgo", "Opera.Acabus.Sgo\Opera.Acabus.Sgo.csproj", "{522A755B-997F-40F4-AC59-DFFF094F5FF3}"
EndProject
Project("{FAE04EC0-301F-11D3-BF4B-00C04F79EFBC}") = "Opera.Acabus.Core.Gui", "Opera.Acabus.Core.Gui\Opera.Acabus.Core.Gui.csproj", "{5AF35BE9-B74B-4F44-84E3-1010CCE72C5E}"
EndProject
Project("{FAE04EC0-301F-11D3-BF4B-00C04F79EFBC}") = "Opera.Acabus.DatabaseController", "Opera.Acabus.DatabaseController\Opera.Acabus.DatabaseController.csproj", "{4144812C-D5D3-41D5-9A11-6D931471A897}"
EndProject
Project("{FAE04EC0-301F-11D3-BF4B-00C04F79EFBC}") = "Opera.Acabus.Core.Config", "Opera.Acabus.Core.Config\Opera.Acabus.Core.Config.csproj", "{5B43D988-0E6D-402E-9FF5-8DA927FA9D49}"
EndProject
Project("{FAE04EC0-301F-11D3-BF4B-00C04F79EFBC}") = "Opera.Acabus.Trunk.Alarms", "Opera.Acabus.Trunk.Alarms\Opera.Acabus.Trunk.Alarms.csproj", "{667352BA-6029-4727-830C-D562F0962CB3}"
EndProject
Project("{FAE04EC0-301F-11D3-BF4B-00C04F79EFBC}") = "Opera.Acabus.Trunk.Tasks", "Opera.Acabus.Trunk.Tasks\Opera.Acabus.Trunk.Tasks.csproj", "{A3D83EB1-3B63-4AAC-9CD2-F70A86FB542A}"
EndProject
Project("{FAE04EC0-301F-11D3-BF4B-00C04F79EFBC}") = "LibraryTest", "LibraryTest\LibraryTest.csproj", "{54D231CB-02B5-4008-8144-A389B90BFDB0}"
EndProject
Project("{FAE04EC0-301F-11D3-BF4B-00C04F79EFBC}") = "Opera.Acabus.Server.Core", "Opera.Acabus.Server.Core\Opera.Acabus.Server.Core.csproj", "{EF04233D-7433-4650-9B15-608811DF7439}"
EndProject
Project("{FAE04EC0-301F-11D3-BF4B-00C04F79EFBC}") = "Opera.Acabus.SyncDb", "Opera.Acabus.SyncDb\Opera.Acabus.SyncDb.csproj", "{1E911371-B690-4EF2-8851-45A2404A7C4B}"
EndProject
Project("{FAE04EC0-301F-11D3-BF4B-00C04F79EFBC}") = "Opera.Acabus.Server.Gui", "Opera.Acabus.Server.Gui\Opera.Acabus.Server.Gui.csproj", "{7356CB0A-7391-4C03-95DC-FE1A646DA31F}"
EndProject
Project("{FAE04EC0-301F-11D3-BF4B-00C04F79EFBC}") = "InnSyTech.Library.Core", "InnSyTech.Library.Core\InnSyTech.Library.Core.csproj", "{68F3CBCB-79DF-4011-BA04-E09FF00D2176}"
EndProject
Global
	GlobalSection(SolutionConfigurationPlatforms) = preSolution
		Debug|Any CPU = Debug|Any CPU
		Debug|ARM = Debug|ARM
		Debug|x64 = Debug|x64
		Debug|x86 = Debug|x86
		Release|Any CPU = Release|Any CPU
		Release|ARM = Release|ARM
		Release|x64 = Release|x64
		Release|x86 = Release|x86
	EndGlobalSection
	GlobalSection(ProjectConfigurationPlatforms) = postSolution
		{E196B435-1093-4704-8F4D-FC430842FFCD}.Debug|Any CPU.ActiveCfg = Debug|Any CPU
		{E196B435-1093-4704-8F4D-FC430842FFCD}.Debug|Any CPU.Build.0 = Debug|Any CPU
		{E196B435-1093-4704-8F4D-FC430842FFCD}.Debug|ARM.ActiveCfg = Debug|Any CPU
		{E196B435-1093-4704-8F4D-FC430842FFCD}.Debug|ARM.Build.0 = Debug|Any CPU
		{E196B435-1093-4704-8F4D-FC430842FFCD}.Debug|x64.ActiveCfg = Debug|Any CPU
		{E196B435-1093-4704-8F4D-FC430842FFCD}.Debug|x64.Build.0 = Debug|Any CPU
		{E196B435-1093-4704-8F4D-FC430842FFCD}.Debug|x86.ActiveCfg = Debug|Any CPU
		{E196B435-1093-4704-8F4D-FC430842FFCD}.Debug|x86.Build.0 = Debug|Any CPU
		{E196B435-1093-4704-8F4D-FC430842FFCD}.Release|Any CPU.ActiveCfg = Release|Any CPU
		{E196B435-1093-4704-8F4D-FC430842FFCD}.Release|Any CPU.Build.0 = Release|Any CPU
		{E196B435-1093-4704-8F4D-FC430842FFCD}.Release|ARM.ActiveCfg = Release|Any CPU
		{E196B435-1093-4704-8F4D-FC430842FFCD}.Release|ARM.Build.0 = Release|Any CPU
		{E196B435-1093-4704-8F4D-FC430842FFCD}.Release|x64.ActiveCfg = Release|Any CPU
		{E196B435-1093-4704-8F4D-FC430842FFCD}.Release|x64.Build.0 = Release|Any CPU
		{E196B435-1093-4704-8F4D-FC430842FFCD}.Release|x86.ActiveCfg = Release|Any CPU
		{E196B435-1093-4704-8F4D-FC430842FFCD}.Release|x86.Build.0 = Release|Any CPU
		{F74FEE3D-D536-44DF-9E2C-53540CE78173}.Debug|Any CPU.ActiveCfg = Debug|Any CPU
		{F74FEE3D-D536-44DF-9E2C-53540CE78173}.Debug|Any CPU.Build.0 = Debug|Any CPU
		{F74FEE3D-D536-44DF-9E2C-53540CE78173}.Debug|ARM.ActiveCfg = Debug|Any CPU
		{F74FEE3D-D536-44DF-9E2C-53540CE78173}.Debug|ARM.Build.0 = Debug|Any CPU
		{F74FEE3D-D536-44DF-9E2C-53540CE78173}.Debug|x64.ActiveCfg = Debug|Any CPU
		{F74FEE3D-D536-44DF-9E2C-53540CE78173}.Debug|x64.Build.0 = Debug|Any CPU
		{F74FEE3D-D536-44DF-9E2C-53540CE78173}.Debug|x86.ActiveCfg = Debug|Any CPU
		{F74FEE3D-D536-44DF-9E2C-53540CE78173}.Debug|x86.Build.0 = Debug|Any CPU
		{F74FEE3D-D536-44DF-9E2C-53540CE78173}.Release|Any CPU.ActiveCfg = Release|Any CPU
		{F74FEE3D-D536-44DF-9E2C-53540CE78173}.Release|Any CPU.Build.0 = Release|Any CPU
		{F74FEE3D-D536-44DF-9E2C-53540CE78173}.Release|ARM.ActiveCfg = Release|Any CPU
		{F74FEE3D-D536-44DF-9E2C-53540CE78173}.Release|ARM.Build.0 = Release|Any CPU
		{F74FEE3D-D536-44DF-9E2C-53540CE78173}.Release|x64.ActiveCfg = Release|Any CPU
		{F74FEE3D-D536-44DF-9E2C-53540CE78173}.Release|x64.Build.0 = Release|Any CPU
		{F74FEE3D-D536-44DF-9E2C-53540CE78173}.Release|x86.ActiveCfg = Release|Any CPU
		{F74FEE3D-D536-44DF-9E2C-53540CE78173}.Release|x86.Build.0 = Release|Any CPU
		{2CA72C78-D881-48C2-9CC1-3BB0BB3F3C6C}.Debug|Any CPU.ActiveCfg = Debug|Any CPU
		{2CA72C78-D881-48C2-9CC1-3BB0BB3F3C6C}.Debug|Any CPU.Build.0 = Debug|Any CPU
		{2CA72C78-D881-48C2-9CC1-3BB0BB3F3C6C}.Debug|ARM.ActiveCfg = Debug|Any CPU
		{2CA72C78-D881-48C2-9CC1-3BB0BB3F3C6C}.Debug|ARM.Build.0 = Debug|Any CPU
		{2CA72C78-D881-48C2-9CC1-3BB0BB3F3C6C}.Debug|x64.ActiveCfg = Debug|Any CPU
		{2CA72C78-D881-48C2-9CC1-3BB0BB3F3C6C}.Debug|x64.Build.0 = Debug|Any CPU
		{2CA72C78-D881-48C2-9CC1-3BB0BB3F3C6C}.Debug|x86.ActiveCfg = Debug|Any CPU
		{2CA72C78-D881-48C2-9CC1-3BB0BB3F3C6C}.Debug|x86.Build.0 = Debug|Any CPU
		{2CA72C78-D881-48C2-9CC1-3BB0BB3F3C6C}.Release|Any CPU.ActiveCfg = Release|Any CPU
		{2CA72C78-D881-48C2-9CC1-3BB0BB3F3C6C}.Release|Any CPU.Build.0 = Release|Any CPU
		{2CA72C78-D881-48C2-9CC1-3BB0BB3F3C6C}.Release|ARM.ActiveCfg = Release|Any CPU
		{2CA72C78-D881-48C2-9CC1-3BB0BB3F3C6C}.Release|ARM.Build.0 = Release|Any CPU
		{2CA72C78-D881-48C2-9CC1-3BB0BB3F3C6C}.Release|x64.ActiveCfg = Release|Any CPU
		{2CA72C78-D881-48C2-9CC1-3BB0BB3F3C6C}.Release|x64.Build.0 = Release|Any CPU
		{2CA72C78-D881-48C2-9CC1-3BB0BB3F3C6C}.Release|x86.ActiveCfg = Release|Any CPU
		{2CA72C78-D881-48C2-9CC1-3BB0BB3F3C6C}.Release|x86.Build.0 = Release|Any CPU
		{0DD2DAAF-DA77-48AB-9C5E-32F0F8669D9F}.Debug|Any CPU.ActiveCfg = Debug|Any CPU
		{0DD2DAAF-DA77-48AB-9C5E-32F0F8669D9F}.Debug|Any CPU.Build.0 = Debug|Any CPU
		{0DD2DAAF-DA77-48AB-9C5E-32F0F8669D9F}.Debug|ARM.ActiveCfg = Debug|Any CPU
		{0DD2DAAF-DA77-48AB-9C5E-32F0F8669D9F}.Debug|ARM.Build.0 = Debug|Any CPU
		{0DD2DAAF-DA77-48AB-9C5E-32F0F8669D9F}.Debug|x64.ActiveCfg = Debug|Any CPU
		{0DD2DAAF-DA77-48AB-9C5E-32F0F8669D9F}.Debug|x64.Build.0 = Debug|Any CPU
		{0DD2DAAF-DA77-48AB-9C5E-32F0F8669D9F}.Debug|x86.ActiveCfg = Debug|Any CPU
		{0DD2DAAF-DA77-48AB-9C5E-32F0F8669D9F}.Debug|x86.Build.0 = Debug|Any CPU
		{0DD2DAAF-DA77-48AB-9C5E-32F0F8669D9F}.Release|Any CPU.ActiveCfg = Release|Any CPU
		{0DD2DAAF-DA77-48AB-9C5E-32F0F8669D9F}.Release|Any CPU.Build.0 = Release|Any CPU
		{0DD2DAAF-DA77-48AB-9C5E-32F0F8669D9F}.Release|ARM.ActiveCfg = Release|Any CPU
		{0DD2DAAF-DA77-48AB-9C5E-32F0F8669D9F}.Release|ARM.Build.0 = Release|Any CPU
		{0DD2DAAF-DA77-48AB-9C5E-32F0F8669D9F}.Release|x64.ActiveCfg = Release|Any CPU
		{0DD2DAAF-DA77-48AB-9C5E-32F0F8669D9F}.Release|x64.Build.0 = Release|Any CPU
		{0DD2DAAF-DA77-48AB-9C5E-32F0F8669D9F}.Release|x86.ActiveCfg = Release|Any CPU
		{0DD2DAAF-DA77-48AB-9C5E-32F0F8669D9F}.Release|x86.Build.0 = Release|Any CPU
		{16AA2C9E-3718-47A2-B00B-3EEF5A5A5686}.Debug|Any CPU.ActiveCfg = Debug|Any CPU
		{16AA2C9E-3718-47A2-B00B-3EEF5A5A5686}.Debug|Any CPU.Build.0 = Debug|Any CPU
		{16AA2C9E-3718-47A2-B00B-3EEF5A5A5686}.Debug|ARM.ActiveCfg = Debug|Any CPU
		{16AA2C9E-3718-47A2-B00B-3EEF5A5A5686}.Debug|ARM.Build.0 = Debug|Any CPU
		{16AA2C9E-3718-47A2-B00B-3EEF5A5A5686}.Debug|x64.ActiveCfg = Debug|Any CPU
		{16AA2C9E-3718-47A2-B00B-3EEF5A5A5686}.Debug|x64.Build.0 = Debug|Any CPU
		{16AA2C9E-3718-47A2-B00B-3EEF5A5A5686}.Debug|x86.ActiveCfg = Debug|Any CPU
		{16AA2C9E-3718-47A2-B00B-3EEF5A5A5686}.Debug|x86.Build.0 = Debug|Any CPU
		{16AA2C9E-3718-47A2-B00B-3EEF5A5A5686}.Release|Any CPU.ActiveCfg = Release|Any CPU
		{16AA2C9E-3718-47A2-B00B-3EEF5A5A5686}.Release|Any CPU.Build.0 = Release|Any CPU
		{16AA2C9E-3718-47A2-B00B-3EEF5A5A5686}.Release|ARM.ActiveCfg = Release|Any CPU
		{16AA2C9E-3718-47A2-B00B-3EEF5A5A5686}.Release|ARM.Build.0 = Release|Any CPU
		{16AA2C9E-3718-47A2-B00B-3EEF5A5A5686}.Release|x64.ActiveCfg = Release|Any CPU
		{16AA2C9E-3718-47A2-B00B-3EEF5A5A5686}.Release|x64.Build.0 = Release|Any CPU
		{16AA2C9E-3718-47A2-B00B-3EEF5A5A5686}.Release|x86.ActiveCfg = Release|Any CPU
		{16AA2C9E-3718-47A2-B00B-3EEF5A5A5686}.Release|x86.Build.0 = Release|Any CPU
		{5870B3E0-A665-4014-94D1-4ED21CEB442F}.Debug|Any CPU.ActiveCfg = Debug|Any CPU
		{5870B3E0-A665-4014-94D1-4ED21CEB442F}.Debug|Any CPU.Build.0 = Debug|Any CPU
		{5870B3E0-A665-4014-94D1-4ED21CEB442F}.Debug|ARM.ActiveCfg = Debug|Any CPU
		{5870B3E0-A665-4014-94D1-4ED21CEB442F}.Debug|ARM.Build.0 = Debug|Any CPU
		{5870B3E0-A665-4014-94D1-4ED21CEB442F}.Debug|x64.ActiveCfg = Debug|Any CPU
		{5870B3E0-A665-4014-94D1-4ED21CEB442F}.Debug|x64.Build.0 = Debug|Any CPU
		{5870B3E0-A665-4014-94D1-4ED21CEB442F}.Debug|x86.ActiveCfg = Debug|Any CPU
		{5870B3E0-A665-4014-94D1-4ED21CEB442F}.Debug|x86.Build.0 = Debug|Any CPU
		{5870B3E0-A665-4014-94D1-4ED21CEB442F}.Release|Any CPU.ActiveCfg = Release|Any CPU
		{5870B3E0-A665-4014-94D1-4ED21CEB442F}.Release|Any CPU.Build.0 = Release|Any CPU
		{5870B3E0-A665-4014-94D1-4ED21CEB442F}.Release|ARM.ActiveCfg = Release|Any CPU
		{5870B3E0-A665-4014-94D1-4ED21CEB442F}.Release|ARM.Build.0 = Release|Any CPU
		{5870B3E0-A665-4014-94D1-4ED21CEB442F}.Release|x64.ActiveCfg = Release|Any CPU
		{5870B3E0-A665-4014-94D1-4ED21CEB442F}.Release|x64.Build.0 = Release|Any CPU
		{5870B3E0-A665-4014-94D1-4ED21CEB442F}.Release|x86.ActiveCfg = Release|Any CPU
		{5870B3E0-A665-4014-94D1-4ED21CEB442F}.Release|x86.Build.0 = Release|Any CPU
		{A58C906C-F542-42B9-9169-2D58A2B7C80D}.Debug|Any CPU.ActiveCfg = Debug|Any CPU
		{A58C906C-F542-42B9-9169-2D58A2B7C80D}.Debug|Any CPU.Build.0 = Debug|Any CPU
		{A58C906C-F542-42B9-9169-2D58A2B7C80D}.Debug|ARM.ActiveCfg = Debug|Any CPU
		{A58C906C-F542-42B9-9169-2D58A2B7C80D}.Debug|ARM.Build.0 = Debug|Any CPU
		{A58C906C-F542-42B9-9169-2D58A2B7C80D}.Debug|x64.ActiveCfg = Debug|Any CPU
		{A58C906C-F542-42B9-9169-2D58A2B7C80D}.Debug|x64.Build.0 = Debug|Any CPU
		{A58C906C-F542-42B9-9169-2D58A2B7C80D}.Debug|x86.ActiveCfg = Debug|Any CPU
		{A58C906C-F542-42B9-9169-2D58A2B7C80D}.Debug|x86.Build.0 = Debug|Any CPU
		{A58C906C-F542-42B9-9169-2D58A2B7C80D}.Release|Any CPU.ActiveCfg = Release|Any CPU
		{A58C906C-F542-42B9-9169-2D58A2B7C80D}.Release|Any CPU.Build.0 = Release|Any CPU
		{A58C906C-F542-42B9-9169-2D58A2B7C80D}.Release|ARM.ActiveCfg = Release|Any CPU
		{A58C906C-F542-42B9-9169-2D58A2B7C80D}.Release|ARM.Build.0 = Release|Any CPU
		{A58C906C-F542-42B9-9169-2D58A2B7C80D}.Release|x64.ActiveCfg = Release|Any CPU
		{A58C906C-F542-42B9-9169-2D58A2B7C80D}.Release|x64.Build.0 = Release|Any CPU
		{A58C906C-F542-42B9-9169-2D58A2B7C80D}.Release|x86.ActiveCfg = Release|Any CPU
		{A58C906C-F542-42B9-9169-2D58A2B7C80D}.Release|x86.Build.0 = Release|Any CPU
		{522A755B-997F-40F4-AC59-DFFF094F5FF3}.Debug|Any CPU.ActiveCfg = Debug|Any CPU
		{522A755B-997F-40F4-AC59-DFFF094F5FF3}.Debug|Any CPU.Build.0 = Debug|Any CPU
		{522A755B-997F-40F4-AC59-DFFF094F5FF3}.Debug|ARM.ActiveCfg = Debug|Any CPU
		{522A755B-997F-40F4-AC59-DFFF094F5FF3}.Debug|ARM.Build.0 = Debug|Any CPU
		{522A755B-997F-40F4-AC59-DFFF094F5FF3}.Debug|x64.ActiveCfg = Debug|Any CPU
		{522A755B-997F-40F4-AC59-DFFF094F5FF3}.Debug|x64.Build.0 = Debug|Any CPU
		{522A755B-997F-40F4-AC59-DFFF094F5FF3}.Debug|x86.ActiveCfg = Debug|Any CPU
		{522A755B-997F-40F4-AC59-DFFF094F5FF3}.Debug|x86.Build.0 = Debug|Any CPU
		{522A755B-997F-40F4-AC59-DFFF094F5FF3}.Release|Any CPU.ActiveCfg = Release|Any CPU
		{522A755B-997F-40F4-AC59-DFFF094F5FF3}.Release|Any CPU.Build.0 = Release|Any CPU
		{522A755B-997F-40F4-AC59-DFFF094F5FF3}.Release|ARM.ActiveCfg = Release|Any CPU
		{522A755B-997F-40F4-AC59-DFFF094F5FF3}.Release|ARM.Build.0 = Release|Any CPU
		{522A755B-997F-40F4-AC59-DFFF094F5FF3}.Release|x64.ActiveCfg = Release|Any CPU
		{522A755B-997F-40F4-AC59-DFFF094F5FF3}.Release|x64.Build.0 = Release|Any CPU
		{522A755B-997F-40F4-AC59-DFFF094F5FF3}.Release|x86.ActiveCfg = Release|Any CPU
		{522A755B-997F-40F4-AC59-DFFF094F5FF3}.Release|x86.Build.0 = Release|Any CPU
		{5AF35BE9-B74B-4F44-84E3-1010CCE72C5E}.Debug|Any CPU.ActiveCfg = Debug|Any CPU
		{5AF35BE9-B74B-4F44-84E3-1010CCE72C5E}.Debug|Any CPU.Build.0 = Debug|Any CPU
		{5AF35BE9-B74B-4F44-84E3-1010CCE72C5E}.Debug|ARM.ActiveCfg = Debug|Any CPU
		{5AF35BE9-B74B-4F44-84E3-1010CCE72C5E}.Debug|ARM.Build.0 = Debug|Any CPU
		{5AF35BE9-B74B-4F44-84E3-1010CCE72C5E}.Debug|x64.ActiveCfg = Debug|Any CPU
		{5AF35BE9-B74B-4F44-84E3-1010CCE72C5E}.Debug|x64.Build.0 = Debug|Any CPU
		{5AF35BE9-B74B-4F44-84E3-1010CCE72C5E}.Debug|x86.ActiveCfg = Debug|Any CPU
		{5AF35BE9-B74B-4F44-84E3-1010CCE72C5E}.Debug|x86.Build.0 = Debug|Any CPU
		{5AF35BE9-B74B-4F44-84E3-1010CCE72C5E}.Release|Any CPU.ActiveCfg = Release|Any CPU
		{5AF35BE9-B74B-4F44-84E3-1010CCE72C5E}.Release|Any CPU.Build.0 = Release|Any CPU
		{5AF35BE9-B74B-4F44-84E3-1010CCE72C5E}.Release|ARM.ActiveCfg = Release|Any CPU
		{5AF35BE9-B74B-4F44-84E3-1010CCE72C5E}.Release|ARM.Build.0 = Release|Any CPU
		{5AF35BE9-B74B-4F44-84E3-1010CCE72C5E}.Release|x64.ActiveCfg = Release|Any CPU
		{5AF35BE9-B74B-4F44-84E3-1010CCE72C5E}.Release|x64.Build.0 = Release|Any CPU
		{5AF35BE9-B74B-4F44-84E3-1010CCE72C5E}.Release|x86.ActiveCfg = Release|Any CPU
		{5AF35BE9-B74B-4F44-84E3-1010CCE72C5E}.Release|x86.Build.0 = Release|Any CPU
		{4144812C-D5D3-41D5-9A11-6D931471A897}.Debug|Any CPU.ActiveCfg = Debug|Any CPU
		{4144812C-D5D3-41D5-9A11-6D931471A897}.Debug|Any CPU.Build.0 = Debug|Any CPU
		{4144812C-D5D3-41D5-9A11-6D931471A897}.Debug|ARM.ActiveCfg = Debug|Any CPU
		{4144812C-D5D3-41D5-9A11-6D931471A897}.Debug|ARM.Build.0 = Debug|Any CPU
		{4144812C-D5D3-41D5-9A11-6D931471A897}.Debug|x64.ActiveCfg = Debug|Any CPU
		{4144812C-D5D3-41D5-9A11-6D931471A897}.Debug|x64.Build.0 = Debug|Any CPU
		{4144812C-D5D3-41D5-9A11-6D931471A897}.Debug|x86.ActiveCfg = Debug|Any CPU
		{4144812C-D5D3-41D5-9A11-6D931471A897}.Debug|x86.Build.0 = Debug|Any CPU
		{4144812C-D5D3-41D5-9A11-6D931471A897}.Release|Any CPU.ActiveCfg = Release|Any CPU
		{4144812C-D5D3-41D5-9A11-6D931471A897}.Release|Any CPU.Build.0 = Release|Any CPU
		{4144812C-D5D3-41D5-9A11-6D931471A897}.Release|ARM.ActiveCfg = Release|Any CPU
		{4144812C-D5D3-41D5-9A11-6D931471A897}.Release|ARM.Build.0 = Release|Any CPU
		{4144812C-D5D3-41D5-9A11-6D931471A897}.Release|x64.ActiveCfg = Release|Any CPU
		{4144812C-D5D3-41D5-9A11-6D931471A897}.Release|x64.Build.0 = Release|Any CPU
		{4144812C-D5D3-41D5-9A11-6D931471A897}.Release|x86.ActiveCfg = Release|Any CPU
		{4144812C-D5D3-41D5-9A11-6D931471A897}.Release|x86.Build.0 = Release|Any CPU
		{5B43D988-0E6D-402E-9FF5-8DA927FA9D49}.Debug|Any CPU.ActiveCfg = Debug|Any CPU
		{5B43D988-0E6D-402E-9FF5-8DA927FA9D49}.Debug|Any CPU.Build.0 = Debug|Any CPU
		{5B43D988-0E6D-402E-9FF5-8DA927FA9D49}.Debug|ARM.ActiveCfg = Debug|Any CPU
		{5B43D988-0E6D-402E-9FF5-8DA927FA9D49}.Debug|ARM.Build.0 = Debug|Any CPU
		{5B43D988-0E6D-402E-9FF5-8DA927FA9D49}.Debug|x64.ActiveCfg = Debug|Any CPU
		{5B43D988-0E6D-402E-9FF5-8DA927FA9D49}.Debug|x64.Build.0 = Debug|Any CPU
		{5B43D988-0E6D-402E-9FF5-8DA927FA9D49}.Debug|x86.ActiveCfg = Debug|Any CPU
		{5B43D988-0E6D-402E-9FF5-8DA927FA9D49}.Debug|x86.Build.0 = Debug|Any CPU
		{5B43D988-0E6D-402E-9FF5-8DA927FA9D49}.Release|Any CPU.ActiveCfg = Release|Any CPU
		{5B43D988-0E6D-402E-9FF5-8DA927FA9D49}.Release|Any CPU.Build.0 = Release|Any CPU
		{5B43D988-0E6D-402E-9FF5-8DA927FA9D49}.Release|ARM.ActiveCfg = Release|Any CPU
		{5B43D988-0E6D-402E-9FF5-8DA927FA9D49}.Release|ARM.Build.0 = Release|Any CPU
		{5B43D988-0E6D-402E-9FF5-8DA927FA9D49}.Release|x64.ActiveCfg = Release|Any CPU
		{5B43D988-0E6D-402E-9FF5-8DA927FA9D49}.Release|x64.Build.0 = Release|Any CPU
		{5B43D988-0E6D-402E-9FF5-8DA927FA9D49}.Release|x86.ActiveCfg = Release|Any CPU
		{5B43D988-0E6D-402E-9FF5-8DA927FA9D49}.Release|x86.Build.0 = Release|Any CPU
		{667352BA-6029-4727-830C-D562F0962CB3}.Debug|Any CPU.ActiveCfg = Debug|Any CPU
		{667352BA-6029-4727-830C-D562F0962CB3}.Debug|Any CPU.Build.0 = Debug|Any CPU
		{667352BA-6029-4727-830C-D562F0962CB3}.Debug|ARM.ActiveCfg = Debug|Any CPU
		{667352BA-6029-4727-830C-D562F0962CB3}.Debug|ARM.Build.0 = Debug|Any CPU
		{667352BA-6029-4727-830C-D562F0962CB3}.Debug|x64.ActiveCfg = Debug|Any CPU
		{667352BA-6029-4727-830C-D562F0962CB3}.Debug|x64.Build.0 = Debug|Any CPU
		{667352BA-6029-4727-830C-D562F0962CB3}.Debug|x86.ActiveCfg = Debug|Any CPU
		{667352BA-6029-4727-830C-D562F0962CB3}.Debug|x86.Build.0 = Debug|Any CPU
		{667352BA-6029-4727-830C-D562F0962CB3}.Release|Any CPU.ActiveCfg = Release|Any CPU
		{667352BA-6029-4727-830C-D562F0962CB3}.Release|Any CPU.Build.0 = Release|Any CPU
		{667352BA-6029-4727-830C-D562F0962CB3}.Release|ARM.ActiveCfg = Release|Any CPU
		{667352BA-6029-4727-830C-D562F0962CB3}.Release|ARM.Build.0 = Release|Any CPU
		{667352BA-6029-4727-830C-D562F0962CB3}.Release|x64.ActiveCfg = Release|Any CPU
		{667352BA-6029-4727-830C-D562F0962CB3}.Release|x64.Build.0 = Release|Any CPU
		{667352BA-6029-4727-830C-D562F0962CB3}.Release|x86.ActiveCfg = Release|Any CPU
		{667352BA-6029-4727-830C-D562F0962CB3}.Release|x86.Build.0 = Release|Any CPU
		{A3D83EB1-3B63-4AAC-9CD2-F70A86FB542A}.Debug|Any CPU.ActiveCfg = Debug|Any CPU
		{A3D83EB1-3B63-4AAC-9CD2-F70A86FB542A}.Debug|Any CPU.Build.0 = Debug|Any CPU
		{A3D83EB1-3B63-4AAC-9CD2-F70A86FB542A}.Debug|ARM.ActiveCfg = Debug|Any CPU
		{A3D83EB1-3B63-4AAC-9CD2-F70A86FB542A}.Debug|ARM.Build.0 = Debug|Any CPU
		{A3D83EB1-3B63-4AAC-9CD2-F70A86FB542A}.Debug|x64.ActiveCfg = Debug|Any CPU
		{A3D83EB1-3B63-4AAC-9CD2-F70A86FB542A}.Debug|x64.Build.0 = Debug|Any CPU
		{A3D83EB1-3B63-4AAC-9CD2-F70A86FB542A}.Debug|x86.ActiveCfg = Debug|Any CPU
		{A3D83EB1-3B63-4AAC-9CD2-F70A86FB542A}.Debug|x86.Build.0 = Debug|Any CPU
		{A3D83EB1-3B63-4AAC-9CD2-F70A86FB542A}.Release|Any CPU.ActiveCfg = Release|Any CPU
		{A3D83EB1-3B63-4AAC-9CD2-F70A86FB542A}.Release|Any CPU.Build.0 = Release|Any CPU
		{A3D83EB1-3B63-4AAC-9CD2-F70A86FB542A}.Release|ARM.ActiveCfg = Release|Any CPU
		{A3D83EB1-3B63-4AAC-9CD2-F70A86FB542A}.Release|ARM.Build.0 = Release|Any CPU
		{A3D83EB1-3B63-4AAC-9CD2-F70A86FB542A}.Release|x64.ActiveCfg = Release|Any CPU
		{A3D83EB1-3B63-4AAC-9CD2-F70A86FB542A}.Release|x64.Build.0 = Release|Any CPU
		{A3D83EB1-3B63-4AAC-9CD2-F70A86FB542A}.Release|x86.ActiveCfg = Release|Any CPU
		{A3D83EB1-3B63-4AAC-9CD2-F70A86FB542A}.Release|x86.Build.0 = Release|Any CPU
		{54D231CB-02B5-4008-8144-A389B90BFDB0}.Debug|Any CPU.ActiveCfg = Debug|Any CPU
		{54D231CB-02B5-4008-8144-A389B90BFDB0}.Debug|Any CPU.Build.0 = Debug|Any CPU
		{54D231CB-02B5-4008-8144-A389B90BFDB0}.Debug|ARM.ActiveCfg = Debug|Any CPU
		{54D231CB-02B5-4008-8144-A389B90BFDB0}.Debug|ARM.Build.0 = Debug|Any CPU
		{54D231CB-02B5-4008-8144-A389B90BFDB0}.Debug|x64.ActiveCfg = Debug|Any CPU
		{54D231CB-02B5-4008-8144-A389B90BFDB0}.Debug|x64.Build.0 = Debug|Any CPU
		{54D231CB-02B5-4008-8144-A389B90BFDB0}.Debug|x86.ActiveCfg = Debug|Any CPU
		{54D231CB-02B5-4008-8144-A389B90BFDB0}.Debug|x86.Build.0 = Debug|Any CPU
		{54D231CB-02B5-4008-8144-A389B90BFDB0}.Release|Any CPU.ActiveCfg = Release|Any CPU
		{54D231CB-02B5-4008-8144-A389B90BFDB0}.Release|Any CPU.Build.0 = Release|Any CPU
		{54D231CB-02B5-4008-8144-A389B90BFDB0}.Release|ARM.ActiveCfg = Release|Any CPU
		{54D231CB-02B5-4008-8144-A389B90BFDB0}.Release|ARM.Build.0 = Release|Any CPU
		{54D231CB-02B5-4008-8144-A389B90BFDB0}.Release|x64.ActiveCfg = Release|Any CPU
		{54D231CB-02B5-4008-8144-A389B90BFDB0}.Release|x64.Build.0 = Release|Any CPU
		{54D231CB-02B5-4008-8144-A389B90BFDB0}.Release|x86.ActiveCfg = Release|Any CPU
		{54D231CB-02B5-4008-8144-A389B90BFDB0}.Release|x86.Build.0 = Release|Any CPU
		{EF04233D-7433-4650-9B15-608811DF7439}.Debug|Any CPU.ActiveCfg = Debug|Any CPU
		{EF04233D-7433-4650-9B15-608811DF7439}.Debug|Any CPU.Build.0 = Debug|Any CPU
		{EF04233D-7433-4650-9B15-608811DF7439}.Debug|ARM.ActiveCfg = Debug|Any CPU
		{EF04233D-7433-4650-9B15-608811DF7439}.Debug|ARM.Build.0 = Debug|Any CPU
		{EF04233D-7433-4650-9B15-608811DF7439}.Debug|x64.ActiveCfg = Debug|Any CPU
		{EF04233D-7433-4650-9B15-608811DF7439}.Debug|x64.Build.0 = Debug|Any CPU
		{EF04233D-7433-4650-9B15-608811DF7439}.Debug|x86.ActiveCfg = Debug|Any CPU
		{EF04233D-7433-4650-9B15-608811DF7439}.Debug|x86.Build.0 = Debug|Any CPU
		{EF04233D-7433-4650-9B15-608811DF7439}.Release|Any CPU.ActiveCfg = Release|Any CPU
		{EF04233D-7433-4650-9B15-608811DF7439}.Release|Any CPU.Build.0 = Release|Any CPU
		{EF04233D-7433-4650-9B15-608811DF7439}.Release|ARM.ActiveCfg = Release|Any CPU
		{EF04233D-7433-4650-9B15-608811DF7439}.Release|ARM.Build.0 = Release|Any CPU
		{EF04233D-7433-4650-9B15-608811DF7439}.Release|x64.ActiveCfg = Release|Any CPU
		{EF04233D-7433-4650-9B15-608811DF7439}.Release|x64.Build.0 = Release|Any CPU
		{EF04233D-7433-4650-9B15-608811DF7439}.Release|x86.ActiveCfg = Release|Any CPU
		{EF04233D-7433-4650-9B15-608811DF7439}.Release|x86.Build.0 = Release|Any CPU
		{1E911371-B690-4EF2-8851-45A2404A7C4B}.Debug|Any CPU.ActiveCfg = Debug|Any CPU
		{1E911371-B690-4EF2-8851-45A2404A7C4B}.Debug|Any CPU.Build.0 = Debug|Any CPU
		{1E911371-B690-4EF2-8851-45A2404A7C4B}.Debug|ARM.ActiveCfg = Debug|Any CPU
		{1E911371-B690-4EF2-8851-45A2404A7C4B}.Debug|ARM.Build.0 = Debug|Any CPU
		{1E911371-B690-4EF2-8851-45A2404A7C4B}.Debug|x64.ActiveCfg = Debug|Any CPU
		{1E911371-B690-4EF2-8851-45A2404A7C4B}.Debug|x64.Build.0 = Debug|Any CPU
		{1E911371-B690-4EF2-8851-45A2404A7C4B}.Debug|x86.ActiveCfg = Debug|Any CPU
		{1E911371-B690-4EF2-8851-45A2404A7C4B}.Debug|x86.Build.0 = Debug|Any CPU
		{1E911371-B690-4EF2-8851-45A2404A7C4B}.Release|Any CPU.ActiveCfg = Release|Any CPU
		{1E911371-B690-4EF2-8851-45A2404A7C4B}.Release|Any CPU.Build.0 = Release|Any CPU
		{1E911371-B690-4EF2-8851-45A2404A7C4B}.Release|ARM.ActiveCfg = Release|Any CPU
		{1E911371-B690-4EF2-8851-45A2404A7C4B}.Release|ARM.Build.0 = Release|Any CPU
		{1E911371-B690-4EF2-8851-45A2404A7C4B}.Release|x64.ActiveCfg = Release|Any CPU
		{1E911371-B690-4EF2-8851-45A2404A7C4B}.Release|x64.Build.0 = Release|Any CPU
		{1E911371-B690-4EF2-8851-45A2404A7C4B}.Release|x86.ActiveCfg = Release|Any CPU
		{1E911371-B690-4EF2-8851-45A2404A7C4B}.Release|x86.Build.0 = Release|Any CPU
		{7356CB0A-7391-4C03-95DC-FE1A646DA31F}.Debug|Any CPU.ActiveCfg = Debug|Any CPU
		{7356CB0A-7391-4C03-95DC-FE1A646DA31F}.Debug|Any CPU.Build.0 = Debug|Any CPU
		{7356CB0A-7391-4C03-95DC-FE1A646DA31F}.Debug|ARM.ActiveCfg = Debug|Any CPU
		{7356CB0A-7391-4C03-95DC-FE1A646DA31F}.Debug|ARM.Build.0 = Debug|Any CPU
		{7356CB0A-7391-4C03-95DC-FE1A646DA31F}.Debug|x64.ActiveCfg = Debug|Any CPU
		{7356CB0A-7391-4C03-95DC-FE1A646DA31F}.Debug|x64.Build.0 = Debug|Any CPU
		{7356CB0A-7391-4C03-95DC-FE1A646DA31F}.Debug|x86.ActiveCfg = Debug|Any CPU
		{7356CB0A-7391-4C03-95DC-FE1A646DA31F}.Debug|x86.Build.0 = Debug|Any CPU
		{7356CB0A-7391-4C03-95DC-FE1A646DA31F}.Release|Any CPU.ActiveCfg = Release|Any CPU
		{7356CB0A-7391-4C03-95DC-FE1A646DA31F}.Release|Any CPU.Build.0 = Release|Any CPU
		{7356CB0A-7391-4C03-95DC-FE1A646DA31F}.Release|ARM.ActiveCfg = Release|Any CPU
		{7356CB0A-7391-4C03-95DC-FE1A646DA31F}.Release|ARM.Build.0 = Release|Any CPU
		{7356CB0A-7391-4C03-95DC-FE1A646DA31F}.Release|x64.ActiveCfg = Release|Any CPU
		{7356CB0A-7391-4C03-95DC-FE1A646DA31F}.Release|x64.Build.0 = Release|Any CPU
		{7356CB0A-7391-4C03-95DC-FE1A646DA31F}.Release|x86.ActiveCfg = Release|Any CPU
		{7356CB0A-7391-4C03-95DC-FE1A646DA31F}.Release|x86.Build.0 = Release|Any CPU
		{68F3CBCB-79DF-4011-BA04-E09FF00D2176}.Debug|Any CPU.ActiveCfg = Debug|Any CPU
		{68F3CBCB-79DF-4011-BA04-E09FF00D2176}.Debug|Any CPU.Build.0 = Debug|Any CPU
		{68F3CBCB-79DF-4011-BA04-E09FF00D2176}.Debug|ARM.ActiveCfg = Debug|Any CPU
		{68F3CBCB-79DF-4011-BA04-E09FF00D2176}.Debug|ARM.Build.0 = Debug|Any CPU
		{68F3CBCB-79DF-4011-BA04-E09FF00D2176}.Debug|x64.ActiveCfg = Debug|Any CPU
		{68F3CBCB-79DF-4011-BA04-E09FF00D2176}.Debug|x64.Build.0 = Debug|Any CPU
		{68F3CBCB-79DF-4011-BA04-E09FF00D2176}.Debug|x86.ActiveCfg = Debug|Any CPU
		{68F3CBCB-79DF-4011-BA04-E09FF00D2176}.Debug|x86.Build.0 = Debug|Any CPU
		{68F3CBCB-79DF-4011-BA04-E09FF00D2176}.Release|Any CPU.ActiveCfg = Release|Any CPU
		{68F3CBCB-79DF-4011-BA04-E09FF00D2176}.Release|Any CPU.Build.0 = Release|Any CPU
		{68F3CBCB-79DF-4011-BA04-E09FF00D2176}.Release|ARM.ActiveCfg = Release|Any CPU
		{68F3CBCB-79DF-4011-BA04-E09FF00D2176}.Release|ARM.Build.0 = Release|Any CPU
		{68F3CBCB-79DF-4011-BA04-E09FF00D2176}.Release|x64.ActiveCfg = Release|Any CPU
		{68F3CBCB-79DF-4011-BA04-E09FF00D2176}.Release|x64.Build.0 = Release|Any CPU
		{68F3CBCB-79DF-4011-BA04-E09FF00D2176}.Release|x86.ActiveCfg = Release|Any CPU
		{68F3CBCB-79DF-4011-BA04-E09FF00D2176}.Release|x86.Build.0 = Release|Any CPU
	EndGlobalSection
	GlobalSection(SolutionProperties) = preSolution
		HideSolutionNode = FALSE
	EndGlobalSection
	GlobalSection(ExtensibilityGlobals) = postSolution
		SolutionGuid = {19AC25AA-1A33-449C-BC45-2C2536B64C0D}
	EndGlobalSection
EndGlobal
