
Microsoft Visual Studio Solution File, Format Version 12.00
# Visual Studio 15
VisualStudioVersion = 15.0.26403.3
MinimumVisualStudioVersion = 10.0.40219.1
Project("{FAE04EC0-301F-11D3-BF4B-00C04F79EFBC}") = "Acabus_Control_Operaciones", "MassiveSsh\Acabus_Control_Operaciones.csproj", "{E196B435-1093-4704-8F4D-FC430842FFCD}"
EndProject
Project("{FAE04EC0-301F-11D3-BF4B-00C04F79EFBC}") = "InnSyTech.Standard", "InnSyTech.Standard\InnSyTech.Standard.csproj", "{F74FEE3D-D536-44DF-9E2C-53540CE78173}"
EndProject
Project("{FAE04EC0-301F-11D3-BF4B-00C04F79EFBC}") = "Opera.Acabus.TrunkMonitor", "Opera.Acabus.TrunkMonitor\Opera.Acabus.TrunkMonitor.csproj", "{2CA72C78-D881-48C2-9CC1-3BB0BB3F3C6C}"
EndProject
Project("{FAE04EC0-301F-11D3-BF4B-00C04F79EFBC}") = "Opera.Acabus.OffDutyVehicles", "Opera.Acabus.OffDutyVehicles\Opera.Acabus.OffDutyVehicles.csproj", "{0DD2DAAF-DA77-48AB-9C5E-32F0F8669D9F}"
EndProject
Project("{FAE04EC0-301F-11D3-BF4B-00C04F79EFBC}") = "Opera.Acabus.Cctv", "Opera.Acabus.CCTV\Opera.Acabus.Cctv.csproj", "{16AA2C9E-3718-47A2-B00B-3EEF5A5A5686}"
EndProject
Project("{FAE04EC0-301F-11D3-BF4B-00C04F79EFBC}") = "InnSyTech.Debug", "InnSyTech.Debug\InnSyTech.Debug.csproj", "{A6158DED-F6AA-4AFE-A525-312C5DBEA427}"
EndProject
Project("{FAE04EC0-301F-11D3-BF4B-00C04F79EFBC}") = "Opera.Acabus.Core", "Opera.Acabus.Core\Opera.Acabus.Core.csproj", "{5870B3E0-A665-4014-94D1-4ED21CEB442F}"
EndProject
Project("{FAE04EC0-301F-11D3-BF4B-00C04F79EFBC}") = "ACABUS-Control de operacion", "ACABUS-Control de operacion\ACABUS-Control de operacion.csproj", "{A58C906C-F542-42B9-9169-2D58A2B7C80D}"
EndProject
Global
	GlobalSection(SolutionConfigurationPlatforms) = preSolution
		Debug|Any CPU = Debug|Any CPU
		Debug|ARM = Debug|ARM
		Debug|x64 = Debug|x64
		Debug|x86 = Debug|x86
		Release|Any CPU = Release|Any CPU
		Release|ARM = Release|ARM
		Release|x64 = Release|x64
		Release|x86 = Release|x86
	EndGlobalSection
	GlobalSection(ProjectConfigurationPlatforms) = postSolution
		{E196B435-1093-4704-8F4D-FC430842FFCD}.Debug|Any CPU.ActiveCfg = Debug|Any CPU
		{E196B435-1093-4704-8F4D-FC430842FFCD}.Debug|Any CPU.Build.0 = Debug|Any CPU
		{E196B435-1093-4704-8F4D-FC430842FFCD}.Debug|ARM.ActiveCfg = Debug|Any CPU
		{E196B435-1093-4704-8F4D-FC430842FFCD}.Debug|ARM.Build.0 = Debug|Any CPU
		{E196B435-1093-4704-8F4D-FC430842FFCD}.Debug|x64.ActiveCfg = Debug|Any CPU
		{E196B435-1093-4704-8F4D-FC430842FFCD}.Debug|x64.Build.0 = Debug|Any CPU
		{E196B435-1093-4704-8F4D-FC430842FFCD}.Debug|x86.ActiveCfg = Debug|Any CPU
		{E196B435-1093-4704-8F4D-FC430842FFCD}.Debug|x86.Build.0 = Debug|Any CPU
		{E196B435-1093-4704-8F4D-FC430842FFCD}.Release|Any CPU.ActiveCfg = Release|Any CPU
		{E196B435-1093-4704-8F4D-FC430842FFCD}.Release|Any CPU.Build.0 = Release|Any CPU
		{E196B435-1093-4704-8F4D-FC430842FFCD}.Release|ARM.ActiveCfg = Release|Any CPU
		{E196B435-1093-4704-8F4D-FC430842FFCD}.Release|ARM.Build.0 = Release|Any CPU
		{E196B435-1093-4704-8F4D-FC430842FFCD}.Release|x64.ActiveCfg = Release|Any CPU
		{E196B435-1093-4704-8F4D-FC430842FFCD}.Release|x64.Build.0 = Release|Any CPU
		{E196B435-1093-4704-8F4D-FC430842FFCD}.Release|x86.ActiveCfg = Release|Any CPU
		{E196B435-1093-4704-8F4D-FC430842FFCD}.Release|x86.Build.0 = Release|Any CPU
		{F74FEE3D-D536-44DF-9E2C-53540CE78173}.Debug|Any CPU.ActiveCfg = Debug|Any CPU
		{F74FEE3D-D536-44DF-9E2C-53540CE78173}.Debug|Any CPU.Build.0 = Debug|Any CPU
		{F74FEE3D-D536-44DF-9E2C-53540CE78173}.Debug|ARM.ActiveCfg = Debug|Any CPU
		{F74FEE3D-D536-44DF-9E2C-53540CE78173}.Debug|ARM.Build.0 = Debug|Any CPU
		{F74FEE3D-D536-44DF-9E2C-53540CE78173}.Debug|x64.ActiveCfg = Debug|Any CPU
		{F74FEE3D-D536-44DF-9E2C-53540CE78173}.Debug|x64.Build.0 = Debug|Any CPU
		{F74FEE3D-D536-44DF-9E2C-53540CE78173}.Debug|x86.ActiveCfg = Debug|Any CPU
		{F74FEE3D-D536-44DF-9E2C-53540CE78173}.Debug|x86.Build.0 = Debug|Any CPU
		{F74FEE3D-D536-44DF-9E2C-53540CE78173}.Release|Any CPU.ActiveCfg = Release|Any CPU
		{F74FEE3D-D536-44DF-9E2C-53540CE78173}.Release|Any CPU.Build.0 = Release|Any CPU
		{F74FEE3D-D536-44DF-9E2C-53540CE78173}.Release|ARM.ActiveCfg = Release|Any CPU
		{F74FEE3D-D536-44DF-9E2C-53540CE78173}.Release|ARM.Build.0 = Release|Any CPU
		{F74FEE3D-D536-44DF-9E2C-53540CE78173}.Release|x64.ActiveCfg = Release|Any CPU
		{F74FEE3D-D536-44DF-9E2C-53540CE78173}.Release|x64.Build.0 = Release|Any CPU
		{F74FEE3D-D536-44DF-9E2C-53540CE78173}.Release|x86.ActiveCfg = Release|Any CPU
		{F74FEE3D-D536-44DF-9E2C-53540CE78173}.Release|x86.Build.0 = Release|Any CPU
		{2CA72C78-D881-48C2-9CC1-3BB0BB3F3C6C}.Debug|Any CPU.ActiveCfg = Debug|Any CPU
		{2CA72C78-D881-48C2-9CC1-3BB0BB3F3C6C}.Debug|Any CPU.Build.0 = Debug|Any CPU
		{2CA72C78-D881-48C2-9CC1-3BB0BB3F3C6C}.Debug|ARM.ActiveCfg = Debug|Any CPU
		{2CA72C78-D881-48C2-9CC1-3BB0BB3F3C6C}.Debug|ARM.Build.0 = Debug|Any CPU
		{2CA72C78-D881-48C2-9CC1-3BB0BB3F3C6C}.Debug|x64.ActiveCfg = Debug|Any CPU
		{2CA72C78-D881-48C2-9CC1-3BB0BB3F3C6C}.Debug|x64.Build.0 = Debug|Any CPU
		{2CA72C78-D881-48C2-9CC1-3BB0BB3F3C6C}.Debug|x86.ActiveCfg = Debug|Any CPU
		{2CA72C78-D881-48C2-9CC1-3BB0BB3F3C6C}.Debug|x86.Build.0 = Debug|Any CPU
		{2CA72C78-D881-48C2-9CC1-3BB0BB3F3C6C}.Release|Any CPU.ActiveCfg = Release|Any CPU
		{2CA72C78-D881-48C2-9CC1-3BB0BB3F3C6C}.Release|Any CPU.Build.0 = Release|Any CPU
		{2CA72C78-D881-48C2-9CC1-3BB0BB3F3C6C}.Release|ARM.ActiveCfg = Release|Any CPU
		{2CA72C78-D881-48C2-9CC1-3BB0BB3F3C6C}.Release|ARM.Build.0 = Release|Any CPU
		{2CA72C78-D881-48C2-9CC1-3BB0BB3F3C6C}.Release|x64.ActiveCfg = Release|Any CPU
		{2CA72C78-D881-48C2-9CC1-3BB0BB3F3C6C}.Release|x64.Build.0 = Release|Any CPU
		{2CA72C78-D881-48C2-9CC1-3BB0BB3F3C6C}.Release|x86.ActiveCfg = Release|Any CPU
		{2CA72C78-D881-48C2-9CC1-3BB0BB3F3C6C}.Release|x86.Build.0 = Release|Any CPU
		{0DD2DAAF-DA77-48AB-9C5E-32F0F8669D9F}.Debug|Any CPU.ActiveCfg = Debug|Any CPU
		{0DD2DAAF-DA77-48AB-9C5E-32F0F8669D9F}.Debug|Any CPU.Build.0 = Debug|Any CPU
		{0DD2DAAF-DA77-48AB-9C5E-32F0F8669D9F}.Debug|ARM.ActiveCfg = Debug|Any CPU
		{0DD2DAAF-DA77-48AB-9C5E-32F0F8669D9F}.Debug|ARM.Build.0 = Debug|Any CPU
		{0DD2DAAF-DA77-48AB-9C5E-32F0F8669D9F}.Debug|x64.ActiveCfg = Debug|Any CPU
		{0DD2DAAF-DA77-48AB-9C5E-32F0F8669D9F}.Debug|x64.Build.0 = Debug|Any CPU
		{0DD2DAAF-DA77-48AB-9C5E-32F0F8669D9F}.Debug|x86.ActiveCfg = Debug|Any CPU
		{0DD2DAAF-DA77-48AB-9C5E-32F0F8669D9F}.Debug|x86.Build.0 = Debug|Any CPU
		{0DD2DAAF-DA77-48AB-9C5E-32F0F8669D9F}.Release|Any CPU.ActiveCfg = Release|Any CPU
		{0DD2DAAF-DA77-48AB-9C5E-32F0F8669D9F}.Release|Any CPU.Build.0 = Release|Any CPU
		{0DD2DAAF-DA77-48AB-9C5E-32F0F8669D9F}.Release|ARM.ActiveCfg = Release|Any CPU
		{0DD2DAAF-DA77-48AB-9C5E-32F0F8669D9F}.Release|ARM.Build.0 = Release|Any CPU
		{0DD2DAAF-DA77-48AB-9C5E-32F0F8669D9F}.Release|x64.ActiveCfg = Release|Any CPU
		{0DD2DAAF-DA77-48AB-9C5E-32F0F8669D9F}.Release|x64.Build.0 = Release|Any CPU
		{0DD2DAAF-DA77-48AB-9C5E-32F0F8669D9F}.Release|x86.ActiveCfg = Release|Any CPU
		{0DD2DAAF-DA77-48AB-9C5E-32F0F8669D9F}.Release|x86.Build.0 = Release|Any CPU
		{16AA2C9E-3718-47A2-B00B-3EEF5A5A5686}.Debug|Any CPU.ActiveCfg = Debug|Any CPU
		{16AA2C9E-3718-47A2-B00B-3EEF5A5A5686}.Debug|Any CPU.Build.0 = Debug|Any CPU
		{16AA2C9E-3718-47A2-B00B-3EEF5A5A5686}.Debug|ARM.ActiveCfg = Debug|Any CPU
		{16AA2C9E-3718-47A2-B00B-3EEF5A5A5686}.Debug|ARM.Build.0 = Debug|Any CPU
		{16AA2C9E-3718-47A2-B00B-3EEF5A5A5686}.Debug|x64.ActiveCfg = Debug|Any CPU
		{16AA2C9E-3718-47A2-B00B-3EEF5A5A5686}.Debug|x64.Build.0 = Debug|Any CPU
		{16AA2C9E-3718-47A2-B00B-3EEF5A5A5686}.Debug|x86.ActiveCfg = Debug|Any CPU
		{16AA2C9E-3718-47A2-B00B-3EEF5A5A5686}.Debug|x86.Build.0 = Debug|Any CPU
		{16AA2C9E-3718-47A2-B00B-3EEF5A5A5686}.Release|Any CPU.ActiveCfg = Release|Any CPU
		{16AA2C9E-3718-47A2-B00B-3EEF5A5A5686}.Release|Any CPU.Build.0 = Release|Any CPU
		{16AA2C9E-3718-47A2-B00B-3EEF5A5A5686}.Release|ARM.ActiveCfg = Release|Any CPU
		{16AA2C9E-3718-47A2-B00B-3EEF5A5A5686}.Release|ARM.Build.0 = Release|Any CPU
		{16AA2C9E-3718-47A2-B00B-3EEF5A5A5686}.Release|x64.ActiveCfg = Release|Any CPU
		{16AA2C9E-3718-47A2-B00B-3EEF5A5A5686}.Release|x64.Build.0 = Release|Any CPU
		{16AA2C9E-3718-47A2-B00B-3EEF5A5A5686}.Release|x86.ActiveCfg = Release|Any CPU
		{16AA2C9E-3718-47A2-B00B-3EEF5A5A5686}.Release|x86.Build.0 = Release|Any CPU
		{A6158DED-F6AA-4AFE-A525-312C5DBEA427}.Debug|Any CPU.ActiveCfg = Debug|Any CPU
		{A6158DED-F6AA-4AFE-A525-312C5DBEA427}.Debug|Any CPU.Build.0 = Debug|Any CPU
		{A6158DED-F6AA-4AFE-A525-312C5DBEA427}.Debug|ARM.ActiveCfg = Debug|Any CPU
		{A6158DED-F6AA-4AFE-A525-312C5DBEA427}.Debug|ARM.Build.0 = Debug|Any CPU
		{A6158DED-F6AA-4AFE-A525-312C5DBEA427}.Debug|x64.ActiveCfg = Debug|Any CPU
		{A6158DED-F6AA-4AFE-A525-312C5DBEA427}.Debug|x64.Build.0 = Debug|Any CPU
		{A6158DED-F6AA-4AFE-A525-312C5DBEA427}.Debug|x86.ActiveCfg = Debug|Any CPU
		{A6158DED-F6AA-4AFE-A525-312C5DBEA427}.Debug|x86.Build.0 = Debug|Any CPU
		{A6158DED-F6AA-4AFE-A525-312C5DBEA427}.Release|Any CPU.ActiveCfg = Release|Any CPU
		{A6158DED-F6AA-4AFE-A525-312C5DBEA427}.Release|Any CPU.Build.0 = Release|Any CPU
		{A6158DED-F6AA-4AFE-A525-312C5DBEA427}.Release|ARM.ActiveCfg = Release|Any CPU
		{A6158DED-F6AA-4AFE-A525-312C5DBEA427}.Release|ARM.Build.0 = Release|Any CPU
		{A6158DED-F6AA-4AFE-A525-312C5DBEA427}.Release|x64.ActiveCfg = Release|Any CPU
		{A6158DED-F6AA-4AFE-A525-312C5DBEA427}.Release|x64.Build.0 = Release|Any CPU
		{A6158DED-F6AA-4AFE-A525-312C5DBEA427}.Release|x86.ActiveCfg = Release|Any CPU
		{A6158DED-F6AA-4AFE-A525-312C5DBEA427}.Release|x86.Build.0 = Release|Any CPU
		{5870B3E0-A665-4014-94D1-4ED21CEB442F}.Debug|Any CPU.ActiveCfg = Debug|Any CPU
		{5870B3E0-A665-4014-94D1-4ED21CEB442F}.Debug|Any CPU.Build.0 = Debug|Any CPU
		{5870B3E0-A665-4014-94D1-4ED21CEB442F}.Debug|ARM.ActiveCfg = Debug|Any CPU
		{5870B3E0-A665-4014-94D1-4ED21CEB442F}.Debug|ARM.Build.0 = Debug|Any CPU
		{5870B3E0-A665-4014-94D1-4ED21CEB442F}.Debug|x64.ActiveCfg = Debug|Any CPU
		{5870B3E0-A665-4014-94D1-4ED21CEB442F}.Debug|x64.Build.0 = Debug|Any CPU
		{5870B3E0-A665-4014-94D1-4ED21CEB442F}.Debug|x86.ActiveCfg = Debug|Any CPU
		{5870B3E0-A665-4014-94D1-4ED21CEB442F}.Debug|x86.Build.0 = Debug|Any CPU
		{5870B3E0-A665-4014-94D1-4ED21CEB442F}.Release|Any CPU.ActiveCfg = Release|Any CPU
		{5870B3E0-A665-4014-94D1-4ED21CEB442F}.Release|Any CPU.Build.0 = Release|Any CPU
		{5870B3E0-A665-4014-94D1-4ED21CEB442F}.Release|ARM.ActiveCfg = Release|Any CPU
		{5870B3E0-A665-4014-94D1-4ED21CEB442F}.Release|ARM.Build.0 = Release|Any CPU
		{5870B3E0-A665-4014-94D1-4ED21CEB442F}.Release|x64.ActiveCfg = Release|Any CPU
		{5870B3E0-A665-4014-94D1-4ED21CEB442F}.Release|x64.Build.0 = Release|Any CPU
		{5870B3E0-A665-4014-94D1-4ED21CEB442F}.Release|x86.ActiveCfg = Release|Any CPU
		{5870B3E0-A665-4014-94D1-4ED21CEB442F}.Release|x86.Build.0 = Release|Any CPU
		{A58C906C-F542-42B9-9169-2D58A2B7C80D}.Debug|Any CPU.ActiveCfg = Debug|Any CPU
		{A58C906C-F542-42B9-9169-2D58A2B7C80D}.Debug|Any CPU.Build.0 = Debug|Any CPU
		{A58C906C-F542-42B9-9169-2D58A2B7C80D}.Debug|ARM.ActiveCfg = Debug|Any CPU
		{A58C906C-F542-42B9-9169-2D58A2B7C80D}.Debug|ARM.Build.0 = Debug|Any CPU
		{A58C906C-F542-42B9-9169-2D58A2B7C80D}.Debug|x64.ActiveCfg = Debug|Any CPU
		{A58C906C-F542-42B9-9169-2D58A2B7C80D}.Debug|x64.Build.0 = Debug|Any CPU
		{A58C906C-F542-42B9-9169-2D58A2B7C80D}.Debug|x86.ActiveCfg = Debug|Any CPU
		{A58C906C-F542-42B9-9169-2D58A2B7C80D}.Debug|x86.Build.0 = Debug|Any CPU
		{A58C906C-F542-42B9-9169-2D58A2B7C80D}.Release|Any CPU.ActiveCfg = Release|Any CPU
		{A58C906C-F542-42B9-9169-2D58A2B7C80D}.Release|Any CPU.Build.0 = Release|Any CPU
		{A58C906C-F542-42B9-9169-2D58A2B7C80D}.Release|ARM.ActiveCfg = Release|Any CPU
		{A58C906C-F542-42B9-9169-2D58A2B7C80D}.Release|ARM.Build.0 = Release|Any CPU
		{A58C906C-F542-42B9-9169-2D58A2B7C80D}.Release|x64.ActiveCfg = Release|Any CPU
		{A58C906C-F542-42B9-9169-2D58A2B7C80D}.Release|x64.Build.0 = Release|Any CPU
		{A58C906C-F542-42B9-9169-2D58A2B7C80D}.Release|x86.ActiveCfg = Release|Any CPU
		{A58C906C-F542-42B9-9169-2D58A2B7C80D}.Release|x86.Build.0 = Release|Any CPU
	EndGlobalSection
	GlobalSection(SolutionProperties) = preSolution
		HideSolutionNode = FALSE
	EndGlobalSection
EndGlobal
